<?xml version="1.0" encoding="utf-8"?>
<Project ToolsVersion="4.0" xmlns="http://schemas.microsoft.com/developer/msbuild/2003">
  <ItemGroup>
    <ClInclude Include="NexaFile.h">
      <Filter>Header Files</Filter>
    </ClInclude>
    <ClInclude Include="NexaInput.h">
      <Filter>Header Files</Filter>
    </ClInclude>
    <ClInclude Include="NexaMatrix.h">
      <Filter>Header Files</Filter>
    </ClInclude>
    <ClInclude Include="NexaProcessing.h">
      <Filter>Header Files</Filter>
    </ClInclude>
    <ClInclude Include="NexaString.h">
      <Filter>Header Files</Filter>
    </ClInclude>
  </ItemGroup>
  <ItemGroup>
    <Filter Include="Header Files">
      <UniqueIdentifier>{409b7b18-e4d1-4fb7-99fb-c3c252200e7d}</UniqueIdentifier>
    </Filter>
    <Filter Include="Source Files">
      <UniqueIdentifier>{3cf69d61-b2dd-413f-b88f-f71e8dcb13ba}</UniqueIdentifier>
    </Filter>
  </ItemGroup>
  <ItemGroup>
    <ClCompile Include="Bank1_Project.cpp">
      <Filter>Source Files</Filter>
    </ClCompile>
  </ItemGroup>
</Project>